
Microsoft Visual Studio Solution File, Format Version 12.00
# Visual Studio 2013
VisualStudioVersion = 12.0.31101.0
MinimumVisualStudioVersion = 10.0.40219.1
Project("{FAE04EC0-301F-11D3-BF4B-00C04F79EFBC}") = "Mahoujas.SmsOwl.Client", "Mahoujas.SmsOwl.Client\Mahoujas.SmsOwl.Client.csproj", "{B2C67277-F7C5-40DC-A724-8CAB2C567731}"
EndProject
Global
	GlobalSection(SolutionConfigurationPlatforms) = preSolution
		Debug|Any CPU = Debug|Any CPU
		Release|Any CPU = Release|Any CPU
	EndGlobalSection
	GlobalSection(ProjectConfigurationPlatforms) = postSolution
		{B2C67277-F7C5-40DC-A724-8CAB2C567731}.Debug|Any CPU.ActiveCfg = Debug|Any CPU
		{B2C67277-F7C5-40DC-A724-8CAB2C567731}.Debug|Any CPU.Build.0 = Debug|Any CPU
		{B2C67277-F7C5-40DC-A724-8CAB2C567731}.Release|Any CPU.ActiveCfg = Release|Any CPU
		{B2C67277-F7C5-40DC-A724-8CAB2C567731}.Release|Any CPU.Build.0 = Release|Any CPU
	EndGlobalSection
	GlobalSection(SolutionProperties) = preSolution
		HideSolutionNode = FALSE
	EndGlobalSection
EndGlobal
